
Microsoft Visual Studio Solution File, Format Version 12.00
# Visual Studio Version 17
VisualStudioVersion = 17.13.35825.156 d17.13
MinimumVisualStudioVersion = 10.0.40219.1
Project("{FAE04EC0-301F-11D3-BF4B-00C04F79EFBC}") = "ArrayEquality", "ArrayEquality\ArrayEquality.csproj", "{BB1921B5-4D9B-4817-BAB4-F3CD38C0ED07}"
EndProject
Global
	GlobalSection(SolutionConfigurationPlatforms) = preSolution
		Debug|Any CPU = Debug|Any CPU
		Release|Any CPU = Release|Any CPU
	EndGlobalSection
	GlobalSection(ProjectConfigurationPlatforms) = postSolution
		{BB1921B5-4D9B-4817-BAB4-F3CD38C0ED07}.Debug|Any CPU.ActiveCfg = Debug|Any CPU
		{BB1921B5-4D9B-4817-BAB4-F3CD38C0ED07}.Debug|Any CPU.Build.0 = Debug|Any CPU
		{BB1921B5-4D9B-4817-BAB4-F3CD38C0ED07}.Release|Any CPU.ActiveCfg = Release|Any CPU
		{BB1921B5-4D9B-4817-BAB4-F3CD38C0ED07}.Release|Any CPU.Build.0 = Release|Any CPU
	EndGlobalSection
	GlobalSection(SolutionProperties) = preSolution
		HideSolutionNode = FALSE
	EndGlobalSection
	GlobalSection(ExtensibilityGlobals) = postSolution
		SolutionGuid = {A7C2EA9A-79B1-4EA5-B714-2076926150C3}
	EndGlobalSection
EndGlobal
